
Microsoft Visual Studio Solution File, Format Version 12.00
# Visual Studio Version 16
VisualStudioVersion = 16.0.34902.97
MinimumVisualStudioVersion = 10.0.40219.1
Project("{FAE04EC0-301F-11D3-BF4B-00C04F79EFBC}") = "Server", "Server\Server.csproj", "{0819A6A3-ACCB-40B2-8906-2AFD4CD4B620}"
EndProject
Project("{FAE04EC0-301F-11D3-BF4B-00C04F79EFBC}") = "Client", "Client\Client.csproj", "{199E9801-2F71-4B70-9738-98EDFD303714}"
EndProject
Global
	GlobalSection(SolutionConfigurationPlatforms) = preSolution
		Debug|Any CPU = Debug|Any CPU
		Release|Any CPU = Release|Any CPU
	EndGlobalSection
	GlobalSection(ProjectConfigurationPlatforms) = postSolution
		{0819A6A3-ACCB-40B2-8906-2AFD4CD4B620}.Debug|Any CPU.ActiveCfg = Debug|Any CPU
		{0819A6A3-ACCB-40B2-8906-2AFD4CD4B620}.Debug|Any CPU.Build.0 = Debug|Any CPU
		{0819A6A3-ACCB-40B2-8906-2AFD4CD4B620}.Release|Any CPU.ActiveCfg = Release|Any CPU
		{0819A6A3-ACCB-40B2-8906-2AFD4CD4B620}.Release|Any CPU.Build.0 = Release|Any CPU
		{199E9801-2F71-4B70-9738-98EDFD303714}.Debug|Any CPU.ActiveCfg = Debug|Any CPU
		{199E9801-2F71-4B70-9738-98EDFD303714}.Debug|Any CPU.Build.0 = Debug|Any CPU
		{199E9801-2F71-4B70-9738-98EDFD303714}.Release|Any CPU.ActiveCfg = Release|Any CPU
		{199E9801-2F71-4B70-9738-98EDFD303714}.Release|Any CPU.Build.0 = Release|Any CPU
	EndGlobalSection
	GlobalSection(SolutionProperties) = preSolution
		HideSolutionNode = FALSE
	EndGlobalSection
	GlobalSection(ExtensibilityGlobals) = postSolution
		SolutionGuid = {EB161091-CFB1-44A5-8543-E981CAADC0A4}
	EndGlobalSection
EndGlobal
